
Microsoft Visual Studio Solution File, Format Version 12.00
# Visual Studio Version 17
VisualStudioVersion = 17.2.32616.157
MinimumVisualStudioVersion = 10.0.40219.1
Project("{FAE04EC0-301F-11D3-BF4B-00C04F79EFBC}") = "static_sinif_ve_uyeler", "static_sinif_ve_uyeler.csproj", "{4C97A551-4ECD-4A21-BEC6-42EEF160811E}"
EndProject
Global
	GlobalSection(SolutionConfigurationPlatforms) = preSolution
		Debug|Any CPU = Debug|Any CPU
		Release|Any CPU = Release|Any CPU
	EndGlobalSection
	GlobalSection(ProjectConfigurationPlatforms) = postSolution
		{4C97A551-4ECD-4A21-BEC6-42EEF160811E}.Debug|Any CPU.ActiveCfg = Debug|Any CPU
		{4C97A551-4ECD-4A21-BEC6-42EEF160811E}.Debug|Any CPU.Build.0 = Debug|Any CPU
		{4C97A551-4ECD-4A21-BEC6-42EEF160811E}.Release|Any CPU.ActiveCfg = Release|Any CPU
		{4C97A551-4ECD-4A21-BEC6-42EEF160811E}.Release|Any CPU.Build.0 = Release|Any CPU
	EndGlobalSection
	GlobalSection(SolutionProperties) = preSolution
		HideSolutionNode = FALSE
	EndGlobalSection
	GlobalSection(ExtensibilityGlobals) = postSolution
		SolutionGuid = {74107D00-381F-4FA6-B1C6-7C54314492EF}
	EndGlobalSection
EndGlobal
